
Microsoft Visual Studio Solution File, Format Version 12.00
# Visual Studio Version 17
VisualStudioVersion = 17.11.35222.181
MinimumVisualStudioVersion = 10.0.40219.1
Project("{FAE04EC0-301F-11D3-BF4B-00C04F79EFBC}") = "ForetrexToolbox", "ForetrexToolbox.csproj", "{38E92AFE-1BDB-45FD-83A5-875A244DD407}"
EndProject
Global
	GlobalSection(SolutionConfigurationPlatforms) = preSolution
		Debug|Any CPU = Debug|Any CPU
		Release|Any CPU = Release|Any CPU
	EndGlobalSection
	GlobalSection(ProjectConfigurationPlatforms) = postSolution
		{38E92AFE-1BDB-45FD-83A5-875A244DD407}.Debug|Any CPU.ActiveCfg = Debug|Any CPU
		{38E92AFE-1BDB-45FD-83A5-875A244DD407}.Debug|Any CPU.Build.0 = Debug|Any CPU
		{38E92AFE-1BDB-45FD-83A5-875A244DD407}.Release|Any CPU.ActiveCfg = Release|Any CPU
		{38E92AFE-1BDB-45FD-83A5-875A244DD407}.Release|Any CPU.Build.0 = Release|Any CPU
	EndGlobalSection
	GlobalSection(SolutionProperties) = preSolution
		HideSolutionNode = FALSE
	EndGlobalSection
	GlobalSection(ExtensibilityGlobals) = postSolution
		SolutionGuid = {66BEB6DC-C6BB-43E0-B4A3-0EC4F300E2CA}
	EndGlobalSection
EndGlobal
